Microsoft Visual Studio Solution File, Format Version 12.00
# Visual Studio Version 17
VisualStudioVersion = 17.5.2.0
MinimumVisualStudioVersion = 10.0.40219.1
Project("{FAE04EC0-301F-11D3-BF4B-00C04F79EFBC}") = "ELProject", "ELProject.csproj", "{B9737DF4-CF0F-A03E-B128-5E3FA33FBCD8}"
EndProject
Global
	GlobalSection(SolutionConfigurationPlatforms) = preSolution
		Debug|Any CPU = Debug|Any CPU
		Release|Any CPU = Release|Any CPU
	EndGlobalSection
	GlobalSection(ProjectConfigurationPlatforms) = postSolution
		{B9737DF4-CF0F-A03E-B128-5E3FA33FBCD8}.Debug|Any CPU.ActiveCfg = Debug|Any CPU
		{B9737DF4-CF0F-A03E-B128-5E3FA33FBCD8}.Debug|Any CPU.Build.0 = Debug|Any CPU
		{B9737DF4-CF0F-A03E-B128-5E3FA33FBCD8}.Release|Any CPU.ActiveCfg = Release|Any CPU
		{B9737DF4-CF0F-A03E-B128-5E3FA33FBCD8}.Release|Any CPU.Build.0 = Release|Any CPU
	EndGlobalSection
	GlobalSection(SolutionProperties) = preSolution
		HideSolutionNode = FALSE
	EndGlobalSection
	GlobalSection(ExtensibilityGlobals) = postSolution
		SolutionGuid = {F7412F5B-964C-4B12-8DE5-CABD33CB6127}
	EndGlobalSection
EndGlobal
